
Microsoft Visual Studio Solution File, Format Version 12.00
# Visual Studio 15
VisualStudioVersion = 15.0.28307.779
MinimumVisualStudioVersion = 10.0.40219.1
Project("{FAE04EC0-301F-11D3-BF4B-00C04F79EFBC}") = "ConsoleApp71", "ConsoleApp71\ConsoleApp71.csproj", "{50A1E3E7-2AC5-46E3-BFBC-475DB661F159}"
EndProject
Global
	GlobalSection(SolutionConfigurationPlatforms) = preSolution
		Debug|Any CPU = Debug|Any CPU
		Release|Any CPU = Release|Any CPU
	EndGlobalSection
	GlobalSection(ProjectConfigurationPlatforms) = postSolution
		{50A1E3E7-2AC5-46E3-BFBC-475DB661F159}.Debug|Any CPU.ActiveCfg = Debug|Any CPU
		{50A1E3E7-2AC5-46E3-BFBC-475DB661F159}.Debug|Any CPU.Build.0 = Debug|Any CPU
		{50A1E3E7-2AC5-46E3-BFBC-475DB661F159}.Release|Any CPU.ActiveCfg = Release|Any CPU
		{50A1E3E7-2AC5-46E3-BFBC-475DB661F159}.Release|Any CPU.Build.0 = Release|Any CPU
	EndGlobalSection
	GlobalSection(SolutionProperties) = preSolution
		HideSolutionNode = FALSE
	EndGlobalSection
	GlobalSection(ExtensibilityGlobals) = postSolution
		SolutionGuid = {4A5ED6E9-BBF6-415F-94E2-7AB457BFF736}
	EndGlobalSection
EndGlobal
