
Microsoft Visual Studio Solution File, Format Version 12.00
# Visual Studio 15
VisualStudioVersion = 15.0.28307.779
MinimumVisualStudioVersion = 10.0.40219.1
Project("{FAE04EC0-301F-11D3-BF4B-00C04F79EFBC}") = "ConsoleApp58", "ConsoleApp58\ConsoleApp58.csproj", "{435F304C-3B42-4C2D-B5E4-038EFD6A9D74}"
EndProject
Global
	GlobalSection(SolutionConfigurationPlatforms) = preSolution
		Debug|Any CPU = Debug|Any CPU
		Release|Any CPU = Release|Any CPU
	EndGlobalSection
	GlobalSection(ProjectConfigurationPlatforms) = postSolution
		{435F304C-3B42-4C2D-B5E4-038EFD6A9D74}.Debug|Any CPU.ActiveCfg = Debug|Any CPU
		{435F304C-3B42-4C2D-B5E4-038EFD6A9D74}.Debug|Any CPU.Build.0 = Debug|Any CPU
		{435F304C-3B42-4C2D-B5E4-038EFD6A9D74}.Release|Any CPU.ActiveCfg = Release|Any CPU
		{435F304C-3B42-4C2D-B5E4-038EFD6A9D74}.Release|Any CPU.Build.0 = Release|Any CPU
	EndGlobalSection
	GlobalSection(SolutionProperties) = preSolution
		HideSolutionNode = FALSE
	EndGlobalSection
	GlobalSection(ExtensibilityGlobals) = postSolution
		SolutionGuid = {4A6FB6AC-CE6D-4BA0-8C06-41339A05C0FA}
	EndGlobalSection
EndGlobal
