
Microsoft Visual Studio Solution File, Format Version 12.00
# Visual Studio 15
VisualStudioVersion = 15.0.28307.779
MinimumVisualStudioVersion = 10.0.40219.1
Project("{FAE04EC0-301F-11D3-BF4B-00C04F79EFBC}") = "ConsoleApp56", "ConsoleApp56\ConsoleApp56.csproj", "{263876B6-525C-4378-98B8-263BFA28DA7F}"
EndProject
Global
	GlobalSection(SolutionConfigurationPlatforms) = preSolution
		Debug|Any CPU = Debug|Any CPU
		Release|Any CPU = Release|Any CPU
	EndGlobalSection
	GlobalSection(ProjectConfigurationPlatforms) = postSolution
		{263876B6-525C-4378-98B8-263BFA28DA7F}.Debug|Any CPU.ActiveCfg = Debug|Any CPU
		{263876B6-525C-4378-98B8-263BFA28DA7F}.Debug|Any CPU.Build.0 = Debug|Any CPU
		{263876B6-525C-4378-98B8-263BFA28DA7F}.Release|Any CPU.ActiveCfg = Release|Any CPU
		{263876B6-525C-4378-98B8-263BFA28DA7F}.Release|Any CPU.Build.0 = Release|Any CPU
	EndGlobalSection
	GlobalSection(SolutionProperties) = preSolution
		HideSolutionNode = FALSE
	EndGlobalSection
	GlobalSection(ExtensibilityGlobals) = postSolution
		SolutionGuid = {A9D99582-8E28-4C75-B3F6-DC4F7D05197C}
	EndGlobalSection
EndGlobal
