
Microsoft Visual Studio Solution File, Format Version 12.00
# Visual Studio 15
VisualStudioVersion = 15.0.28307.779
MinimumVisualStudioVersion = 10.0.40219.1
Project("{FAE04EC0-301F-11D3-BF4B-00C04F79EFBC}") = "ConsoleApp27", "ConsoleApp27\ConsoleApp27.csproj", "{1AEE89D0-A0B4-4939-91D6-A72C0CFE8F71}"
EndProject
Global
	GlobalSection(SolutionConfigurationPlatforms) = preSolution
		Debug|Any CPU = Debug|Any CPU
		Release|Any CPU = Release|Any CPU
	EndGlobalSection
	GlobalSection(ProjectConfigurationPlatforms) = postSolution
		{1AEE89D0-A0B4-4939-91D6-A72C0CFE8F71}.Debug|Any CPU.ActiveCfg = Debug|Any CPU
		{1AEE89D0-A0B4-4939-91D6-A72C0CFE8F71}.Debug|Any CPU.Build.0 = Debug|Any CPU
		{1AEE89D0-A0B4-4939-91D6-A72C0CFE8F71}.Release|Any CPU.ActiveCfg = Release|Any CPU
		{1AEE89D0-A0B4-4939-91D6-A72C0CFE8F71}.Release|Any CPU.Build.0 = Release|Any CPU
	EndGlobalSection
	GlobalSection(SolutionProperties) = preSolution
		HideSolutionNode = FALSE
	EndGlobalSection
	GlobalSection(ExtensibilityGlobals) = postSolution
		SolutionGuid = {C50BC996-9F3D-4B63-A816-13898B464C8B}
	EndGlobalSection
EndGlobal
