
Microsoft Visual Studio Solution File, Format Version 12.00
# Visual Studio 15
VisualStudioVersion = 15.0.28307.779
MinimumVisualStudioVersion = 10.0.40219.1
Project("{FAE04EC0-301F-11D3-BF4B-00C04F79EFBC}") = "ConsoleApp69", "ConsoleApp69\ConsoleApp69.csproj", "{D44A38B3-7AF6-4D76-8B48-58BE5779595E}"
EndProject
Global
	GlobalSection(SolutionConfigurationPlatforms) = preSolution
		Debug|Any CPU = Debug|Any CPU
		Release|Any CPU = Release|Any CPU
	EndGlobalSection
	GlobalSection(ProjectConfigurationPlatforms) = postSolution
		{D44A38B3-7AF6-4D76-8B48-58BE5779595E}.Debug|Any CPU.ActiveCfg = Debug|Any CPU
		{D44A38B3-7AF6-4D76-8B48-58BE5779595E}.Debug|Any CPU.Build.0 = Debug|Any CPU
		{D44A38B3-7AF6-4D76-8B48-58BE5779595E}.Release|Any CPU.ActiveCfg = Release|Any CPU
		{D44A38B3-7AF6-4D76-8B48-58BE5779595E}.Release|Any CPU.Build.0 = Release|Any CPU
	EndGlobalSection
	GlobalSection(SolutionProperties) = preSolution
		HideSolutionNode = FALSE
	EndGlobalSection
	GlobalSection(ExtensibilityGlobals) = postSolution
		SolutionGuid = {44C8FAFD-7154-4780-A2B5-19BD8BCDF30A}
	EndGlobalSection
EndGlobal
