
Microsoft Visual Studio Solution File, Format Version 12.00
# Visual Studio 15
VisualStudioVersion = 15.0.28307.779
MinimumVisualStudioVersion = 10.0.40219.1
Project("{FAE04EC0-301F-11D3-BF4B-00C04F79EFBC}") = "ConsoleApp38", "ConsoleApp38\ConsoleApp38.csproj", "{F70E34A0-6EB5-4D32-B6F0-2F5D653168AF}"
EndProject
Global
	GlobalSection(SolutionConfigurationPlatforms) = preSolution
		Debug|Any CPU = Debug|Any CPU
		Release|Any CPU = Release|Any CPU
	EndGlobalSection
	GlobalSection(ProjectConfigurationPlatforms) = postSolution
		{F70E34A0-6EB5-4D32-B6F0-2F5D653168AF}.Debug|Any CPU.ActiveCfg = Debug|Any CPU
		{F70E34A0-6EB5-4D32-B6F0-2F5D653168AF}.Debug|Any CPU.Build.0 = Debug|Any CPU
		{F70E34A0-6EB5-4D32-B6F0-2F5D653168AF}.Release|Any CPU.ActiveCfg = Release|Any CPU
		{F70E34A0-6EB5-4D32-B6F0-2F5D653168AF}.Release|Any CPU.Build.0 = Release|Any CPU
	EndGlobalSection
	GlobalSection(SolutionProperties) = preSolution
		HideSolutionNode = FALSE
	EndGlobalSection
	GlobalSection(ExtensibilityGlobals) = postSolution
		SolutionGuid = {A809A9FE-782E-4A9A-9389-C656C9830CBA}
	EndGlobalSection
EndGlobal
