
Microsoft Visual Studio Solution File, Format Version 12.00
# Visual Studio 15
VisualStudioVersion = 15.0.28307.779
MinimumVisualStudioVersion = 10.0.40219.1
Project("{FAE04EC0-301F-11D3-BF4B-00C04F79EFBC}") = "ConsoleApp31", "ConsoleApp31\ConsoleApp31.csproj", "{7E52F8CB-8976-4AD3-BA25-067FA70E74EC}"
EndProject
Global
	GlobalSection(SolutionConfigurationPlatforms) = preSolution
		Debug|Any CPU = Debug|Any CPU
		Release|Any CPU = Release|Any CPU
	EndGlobalSection
	GlobalSection(ProjectConfigurationPlatforms) = postSolution
		{7E52F8CB-8976-4AD3-BA25-067FA70E74EC}.Debug|Any CPU.ActiveCfg = Debug|Any CPU
		{7E52F8CB-8976-4AD3-BA25-067FA70E74EC}.Debug|Any CPU.Build.0 = Debug|Any CPU
		{7E52F8CB-8976-4AD3-BA25-067FA70E74EC}.Release|Any CPU.ActiveCfg = Release|Any CPU
		{7E52F8CB-8976-4AD3-BA25-067FA70E74EC}.Release|Any CPU.Build.0 = Release|Any CPU
	EndGlobalSection
	GlobalSection(SolutionProperties) = preSolution
		HideSolutionNode = FALSE
	EndGlobalSection
	GlobalSection(ExtensibilityGlobals) = postSolution
		SolutionGuid = {5878DC17-480A-4941-B44A-59E4391733FD}
	EndGlobalSection
EndGlobal
