
Microsoft Visual Studio Solution File, Format Version 12.00
# Visual Studio 15
VisualStudioVersion = 15.0.28307.779
MinimumVisualStudioVersion = 10.0.40219.1
Project("{FAE04EC0-301F-11D3-BF4B-00C04F79EFBC}") = "ConsoleApp5", "ConsoleApp5\ConsoleApp5.csproj", "{546F10F4-2456-4963-A740-775C6CE80497}"
EndProject
Global
	GlobalSection(SolutionConfigurationPlatforms) = preSolution
		Debug|Any CPU = Debug|Any CPU
		Release|Any CPU = Release|Any CPU
	EndGlobalSection
	GlobalSection(ProjectConfigurationPlatforms) = postSolution
		{546F10F4-2456-4963-A740-775C6CE80497}.Debug|Any CPU.ActiveCfg = Debug|Any CPU
		{546F10F4-2456-4963-A740-775C6CE80497}.Debug|Any CPU.Build.0 = Debug|Any CPU
		{546F10F4-2456-4963-A740-775C6CE80497}.Release|Any CPU.ActiveCfg = Release|Any CPU
		{546F10F4-2456-4963-A740-775C6CE80497}.Release|Any CPU.Build.0 = Release|Any CPU
	EndGlobalSection
	GlobalSection(SolutionProperties) = preSolution
		HideSolutionNode = FALSE
	EndGlobalSection
	GlobalSection(ExtensibilityGlobals) = postSolution
		SolutionGuid = {6C800F0B-9431-4BA7-A1F1-BF00B67A8428}
	EndGlobalSection
EndGlobal
