
Microsoft Visual Studio Solution File, Format Version 12.00
# Visual Studio 15
VisualStudioVersion = 15.0.28307.779
MinimumVisualStudioVersion = 10.0.40219.1
Project("{FAE04EC0-301F-11D3-BF4B-00C04F79EFBC}") = "ConsoleApp50", "ConsoleApp50\ConsoleApp50.csproj", "{C3D5262B-128A-4142-84B0-A158D91A2BFD}"
EndProject
Global
	GlobalSection(SolutionConfigurationPlatforms) = preSolution
		Debug|Any CPU = Debug|Any CPU
		Release|Any CPU = Release|Any CPU
	EndGlobalSection
	GlobalSection(ProjectConfigurationPlatforms) = postSolution
		{C3D5262B-128A-4142-84B0-A158D91A2BFD}.Debug|Any CPU.ActiveCfg = Debug|Any CPU
		{C3D5262B-128A-4142-84B0-A158D91A2BFD}.Debug|Any CPU.Build.0 = Debug|Any CPU
		{C3D5262B-128A-4142-84B0-A158D91A2BFD}.Release|Any CPU.ActiveCfg = Release|Any CPU
		{C3D5262B-128A-4142-84B0-A158D91A2BFD}.Release|Any CPU.Build.0 = Release|Any CPU
	EndGlobalSection
	GlobalSection(SolutionProperties) = preSolution
		HideSolutionNode = FALSE
	EndGlobalSection
	GlobalSection(ExtensibilityGlobals) = postSolution
		SolutionGuid = {0988E350-53C2-4AC6-A5FF-54F985EA3185}
	EndGlobalSection
EndGlobal
